
Microsoft Visual Studio Solution File, Format Version 12.00
# Visual Studio Version 17
VisualStudioVersion = 17.14.36401.2
MinimumVisualStudioVersion = 10.0.40219.1
Project("{8BC9CEB8-8B4A-11D0-8D11-00A0C91BC942}") = "Engine", "Engine\Engine.vcxproj", "{42253D3E-2479-446D-8CED-FDC9855E3CDD}"
EndProject
Project("{8BC9CEB8-8B4A-11D0-8D11-00A0C91BC942}") = "Application", "Application\Application.vcxproj", "{DF8970BE-36D4-4837-A08E-CEE168285BF0}"
	ProjectSection(ProjectDependencies) = postProject
		{42253D3E-2479-446D-8CED-FDC9855E3CDD} = {42253D3E-2479-446D-8CED-FDC9855E3CDD}
	EndProjectSection
EndProject
Global
	GlobalSection(SolutionConfigurationPlatforms) = preSolution
		Debug|x64 = Debug|x64
		Release|x64 = Release|x64
	EndGlobalSection
	GlobalSection(ProjectConfigurationPlatforms) = postSolution
		{42253D3E-2479-446D-8CED-FDC9855E3CDD}.Debug|x64.ActiveCfg = Debug|x64
		{42253D3E-2479-446D-8CED-FDC9855E3CDD}.Debug|x64.Build.0 = Debug|x64
		{42253D3E-2479-446D-8CED-FDC9855E3CDD}.Release|x64.ActiveCfg = Release|x64
		{42253D3E-2479-446D-8CED-FDC9855E3CDD}.Release|x64.Build.0 = Release|x64
		{DF8970BE-36D4-4837-A08E-CEE168285BF0}.Debug|x64.ActiveCfg = Debug|x64
		{DF8970BE-36D4-4837-A08E-CEE168285BF0}.Debug|x64.Build.0 = Debug|x64
		{DF8970BE-36D4-4837-A08E-CEE168285BF0}.Release|x64.ActiveCfg = Release|x64
		{DF8970BE-36D4-4837-A08E-CEE168285BF0}.Release|x64.Build.0 = Release|x64
	EndGlobalSection
	GlobalSection(SolutionProperties) = preSolution
		HideSolutionNode = FALSE
	EndGlobalSection
	GlobalSection(ExtensibilityGlobals) = postSolution
		SolutionGuid = {F8576803-D790-48BA-A890-037B14D3B0EE}
	EndGlobalSection
EndGlobal
